Microsoft Visual Studio Solution File, Format Version 11.00
# Visual Studio 2008

Project("{57D141F5-05ED-B234-32AB-56145545B878}") = "SkyBattle_SourceCode", "Assembly-CSharp.csproj", "{209D1C95-32D7-116D-1E76-70586F75B955}"
EndProject
Project("{57D141F5-05ED-B234-32AB-56145545B878}") = "SkyBattle_SourceCode", "Assembly-CSharp-Editor.csproj", "{0A8006EA-489C-3DF7-D7AC-118B8B1B34B8}"
EndProject
Global
	GlobalSection(SolutionConfigurationPlatforms) = preSolution
		Debug|Any CPU = Debug|Any CPU
		Release|Any CPU = Release|Any CPU
	EndGlobalSection
	GlobalSection(ProjectConfigurationPlatforms) = postSolution
		{209D1C95-32D7-116D-1E76-70586F75B955}.Debug|Any CPU.ActiveCfg = Debug|Any CPU
		{209D1C95-32D7-116D-1E76-70586F75B955}.Debug|Any CPU.Build.0 = Debug|Any CPU
		{209D1C95-32D7-116D-1E76-70586F75B955}.Release|Any CPU.ActiveCfg = Release|Any CPU
		{209D1C95-32D7-116D-1E76-70586F75B955}.Release|Any CPU.Build.0 = Release|Any CPU
		{0A8006EA-489C-3DF7-D7AC-118B8B1B34B8}.Debug|Any CPU.ActiveCfg = Debug|Any CPU
		{0A8006EA-489C-3DF7-D7AC-118B8B1B34B8}.Debug|Any CPU.Build.0 = Debug|Any CPU
		{0A8006EA-489C-3DF7-D7AC-118B8B1B34B8}.Release|Any CPU.ActiveCfg = Release|Any CPU
		{0A8006EA-489C-3DF7-D7AC-118B8B1B34B8}.Release|Any CPU.Build.0 = Release|Any CPU
	EndGlobalSection
	GlobalSection(SolutionProperties) = preSolution
		HideSolutionNode = FALSE
	EndGlobalSection
	GlobalSection(MonoDevelopProperties) = preSolution
		StartupItem = Assembly-CSharp.csproj
	EndGlobalSection
EndGlobal
